
Microsoft Visual Studio Solution File, Format Version 12.00
# Visual Studio 15
VisualStudioVersion = 15.0.26124.0
MinimumVisualStudioVersion = 15.0.26124.0
Project("{FAE04EC0-301F-11D3-BF4B-00C04F79EFBC}") = "A4_cs", "A4_cs\A4_cs.csproj", "{01878543-02A1-4060-89C3-D349F1EEA2CD}"
EndProject
Project("{FAE04EC0-301F-11D3-BF4B-00C04F79EFBC}") = "A4_cs.Tests", "A4_cs.Tests\A4_cs.Tests.csproj", "{6B10BB14-D23D-4E9A-A48E-882786DA6107}"
EndProject
Global
	GlobalSection(SolutionConfigurationPlatforms) = preSolution
		Debug|Any CPU = Debug|Any CPU
		Debug|x64 = Debug|x64
		Debug|x86 = Debug|x86
		Release|Any CPU = Release|Any CPU
		Release|x64 = Release|x64
		Release|x86 = Release|x86
	EndGlobalSection
	GlobalSection(SolutionProperties) = preSolution
		HideSolutionNode = FALSE
	EndGlobalSection
	GlobalSection(ProjectConfigurationPlatforms) = postSolution
		{01878543-02A1-4060-89C3-D349F1EEA2CD}.Debug|Any CPU.ActiveCfg = Debug|Any CPU
		{01878543-02A1-4060-89C3-D349F1EEA2CD}.Debug|Any CPU.Build.0 = Debug|Any CPU
		{01878543-02A1-4060-89C3-D349F1EEA2CD}.Debug|x64.ActiveCfg = Debug|Any CPU
		{01878543-02A1-4060-89C3-D349F1EEA2CD}.Debug|x64.Build.0 = Debug|Any CPU
		{01878543-02A1-4060-89C3-D349F1EEA2CD}.Debug|x86.ActiveCfg = Debug|Any CPU
		{01878543-02A1-4060-89C3-D349F1EEA2CD}.Debug|x86.Build.0 = Debug|Any CPU
		{01878543-02A1-4060-89C3-D349F1EEA2CD}.Release|Any CPU.ActiveCfg = Release|Any CPU
		{01878543-02A1-4060-89C3-D349F1EEA2CD}.Release|Any CPU.Build.0 = Release|Any CPU
		{01878543-02A1-4060-89C3-D349F1EEA2CD}.Release|x64.ActiveCfg = Release|Any CPU
		{01878543-02A1-4060-89C3-D349F1EEA2CD}.Release|x64.Build.0 = Release|Any CPU
		{01878543-02A1-4060-89C3-D349F1EEA2CD}.Release|x86.ActiveCfg = Release|Any CPU
		{01878543-02A1-4060-89C3-D349F1EEA2CD}.Release|x86.Build.0 = Release|Any CPU
		{6B10BB14-D23D-4E9A-A48E-882786DA6107}.Debug|Any CPU.ActiveCfg = Debug|Any CPU
		{6B10BB14-D23D-4E9A-A48E-882786DA6107}.Debug|Any CPU.Build.0 = Debug|Any CPU
		{6B10BB14-D23D-4E9A-A48E-882786DA6107}.Debug|x64.ActiveCfg = Debug|Any CPU
		{6B10BB14-D23D-4E9A-A48E-882786DA6107}.Debug|x64.Build.0 = Debug|Any CPU
		{6B10BB14-D23D-4E9A-A48E-882786DA6107}.Debug|x86.ActiveCfg = Debug|Any CPU
		{6B10BB14-D23D-4E9A-A48E-882786DA6107}.Debug|x86.Build.0 = Debug|Any CPU
		{6B10BB14-D23D-4E9A-A48E-882786DA6107}.Release|Any CPU.ActiveCfg = Release|Any CPU
		{6B10BB14-D23D-4E9A-A48E-882786DA6107}.Release|Any CPU.Build.0 = Release|Any CPU
		{6B10BB14-D23D-4E9A-A48E-882786DA6107}.Release|x64.ActiveCfg = Release|Any CPU
		{6B10BB14-D23D-4E9A-A48E-882786DA6107}.Release|x64.Build.0 = Release|Any CPU
		{6B10BB14-D23D-4E9A-A48E-882786DA6107}.Release|x86.ActiveCfg = Release|Any CPU
		{6B10BB14-D23D-4E9A-A48E-882786DA6107}.Release|x86.Build.0 = Release|Any CPU
	EndGlobalSection
EndGlobal
